
Microsoft Visual Studio Solution File, Format Version 12.00
# Visual Studio 2013
VisualStudioVersion = 12.0.21005.1
MinimumVisualStudioVersion = 10.0.40219.1
Project("{FAE04EC0-301F-11D3-BF4B-00C04F79EFBC}") = "SSASAutomation", "SSASAutomation\SSASAutomation.csproj", "{1D4ACF67-FABE-426E-8446-9EAD285D81CA}"
EndProject
Project("{FAE04EC0-301F-11D3-BF4B-00C04F79EFBC}") = "MDXHelper.SSASAutomation", "MDXHelper.SSASAutomation\MDXHelper.SSASAutomation.csproj", "{722FA660-A26E-4917-83CF-E599C78DE5A7}"
EndProject
Global
	GlobalSection(SolutionConfigurationPlatforms) = preSolution
		Debug|Any CPU = Debug|Any CPU
		Release|Any CPU = Release|Any CPU
	EndGlobalSection
	GlobalSection(ProjectConfigurationPlatforms) = postSolution
		{1D4ACF67-FABE-426E-8446-9EAD285D81CA}.Debug|Any CPU.ActiveCfg = Debug|Any CPU
		{1D4ACF67-FABE-426E-8446-9EAD285D81CA}.Debug|Any CPU.Build.0 = Debug|Any CPU
		{1D4ACF67-FABE-426E-8446-9EAD285D81CA}.Release|Any CPU.ActiveCfg = Release|Any CPU
		{1D4ACF67-FABE-426E-8446-9EAD285D81CA}.Release|Any CPU.Build.0 = Release|Any CPU
		{722FA660-A26E-4917-83CF-E599C78DE5A7}.Debug|Any CPU.ActiveCfg = Debug|Any CPU
		{722FA660-A26E-4917-83CF-E599C78DE5A7}.Debug|Any CPU.Build.0 = Debug|Any CPU
		{722FA660-A26E-4917-83CF-E599C78DE5A7}.Release|Any CPU.ActiveCfg = Release|Any CPU
		{722FA660-A26E-4917-83CF-E599C78DE5A7}.Release|Any CPU.Build.0 = Release|Any CPU
	EndGlobalSection
	GlobalSection(SolutionProperties) = preSolution
		HideSolutionNode = FALSE
	EndGlobalSection
EndGlobal
